
Microsoft Visual Studio Solution File, Format Version 12.00
Project("{FAE04EC0-301F-11D3-BF4B-00C04F79EFBC}") = "UDP_Server", "UDP_Server\UDP_Server.csproj", "{2F4975E1-F8BF-4EB1-AB0C-F3DBE5414D2F}"
EndProject
Project("{FAE04EC0-301F-11D3-BF4B-00C04F79EFBC}") = "UDP_Client", "UDP_Client\UDP_Client.csproj", "{8BB45251-261E-4BE6-A235-15B4362D3B87}"
EndProject
Project("{2150E333-8FDC-42A3-9474-1A3956D46DE8}") = "UDP", "UDP", "{917ADED8-C719-4828-87A7-20D5A3283640}"
EndProject
Project("{2150E333-8FDC-42A3-9474-1A3956D46DE8}") = "TCP", "TCP", "{672600A7-ED91-4020-A0B6-748910C05AED}"
EndProject
Project("{FAE04EC0-301F-11D3-BF4B-00C04F79EFBC}") = "TCP_Server", "TCP_Server\TCP_Server.csproj", "{9FB72275-7AA4-4FA3-AB49-04B878B94B37}"
EndProject
Project("{FAE04EC0-301F-11D3-BF4B-00C04F79EFBC}") = "TCP_Client", "TCP_Client\TCP_Client.csproj", "{AB506D63-5A99-4058-AA1F-E63B479EA0BF}"
EndProject
Global
	GlobalSection(SolutionConfigurationPlatforms) = preSolution
		Debug|Any CPU = Debug|Any CPU
		Release|Any CPU = Release|Any CPU
	EndGlobalSection
	GlobalSection(ProjectConfigurationPlatforms) = postSolution
		{2F4975E1-F8BF-4EB1-AB0C-F3DBE5414D2F}.Debug|Any CPU.ActiveCfg = Debug|Any CPU
		{2F4975E1-F8BF-4EB1-AB0C-F3DBE5414D2F}.Debug|Any CPU.Build.0 = Debug|Any CPU
		{2F4975E1-F8BF-4EB1-AB0C-F3DBE5414D2F}.Release|Any CPU.ActiveCfg = Release|Any CPU
		{2F4975E1-F8BF-4EB1-AB0C-F3DBE5414D2F}.Release|Any CPU.Build.0 = Release|Any CPU
		{8BB45251-261E-4BE6-A235-15B4362D3B87}.Debug|Any CPU.ActiveCfg = Debug|Any CPU
		{8BB45251-261E-4BE6-A235-15B4362D3B87}.Debug|Any CPU.Build.0 = Debug|Any CPU
		{8BB45251-261E-4BE6-A235-15B4362D3B87}.Release|Any CPU.ActiveCfg = Release|Any CPU
		{8BB45251-261E-4BE6-A235-15B4362D3B87}.Release|Any CPU.Build.0 = Release|Any CPU
		{9FB72275-7AA4-4FA3-AB49-04B878B94B37}.Debug|Any CPU.ActiveCfg = Debug|Any CPU
		{9FB72275-7AA4-4FA3-AB49-04B878B94B37}.Debug|Any CPU.Build.0 = Debug|Any CPU
		{9FB72275-7AA4-4FA3-AB49-04B878B94B37}.Release|Any CPU.ActiveCfg = Release|Any CPU
		{9FB72275-7AA4-4FA3-AB49-04B878B94B37}.Release|Any CPU.Build.0 = Release|Any CPU
		{AB506D63-5A99-4058-AA1F-E63B479EA0BF}.Debug|Any CPU.ActiveCfg = Debug|Any CPU
		{AB506D63-5A99-4058-AA1F-E63B479EA0BF}.Debug|Any CPU.Build.0 = Debug|Any CPU
		{AB506D63-5A99-4058-AA1F-E63B479EA0BF}.Release|Any CPU.ActiveCfg = Release|Any CPU
		{AB506D63-5A99-4058-AA1F-E63B479EA0BF}.Release|Any CPU.Build.0 = Release|Any CPU
	EndGlobalSection
	GlobalSection(NestedProjects) = preSolution
		{8BB45251-261E-4BE6-A235-15B4362D3B87} = {917ADED8-C719-4828-87A7-20D5A3283640}
		{2F4975E1-F8BF-4EB1-AB0C-F3DBE5414D2F} = {917ADED8-C719-4828-87A7-20D5A3283640}
		{9FB72275-7AA4-4FA3-AB49-04B878B94B37} = {672600A7-ED91-4020-A0B6-748910C05AED}
		{AB506D63-5A99-4058-AA1F-E63B479EA0BF} = {672600A7-ED91-4020-A0B6-748910C05AED}
	EndGlobalSection
EndGlobal
